// !$*UTF8*$!
{
	archiveVersion = 1;
	classes = {
	};
	objectVersion = 46;
	objects = {

/* Begin PBXBuildFile section */
		9DC063741B0916CE0011E377 /* MemeDetailViewController.swift in Sources */ = {isa = PBXBuildFile; fileRef = 9DC063731B0916CE0011E377 /* MemeDetailViewController.swift */; };
		9DC063761B092BA90011E377 /* MemeCollectionViewCell.swift in Sources */ = {isa = PBXBuildFile; fileRef = 9DC063751B092BA90011E377 /* MemeCollectionViewCell.swift */; };
		9DFCB4361B028E92000835C2 /* AppDelegate.swift in Sources */ = {isa = PBXBuildFile; fileRef = 9DFCB4351B028E92000835C2 /* AppDelegate.swift */; };
		9DFCB4381B028E92000835C2 /* EditorViewController.swift in Sources */ = {isa = PBXBuildFile; fileRef = 9DFCB4371B028E92000835C2 /* EditorViewController.swift */; };
		9DFCB43B1B028E92000835C2 /* Main.storyboard in Resources */ = {isa = PBXBuildFile; fileRef = 9DFCB4391B028E92000835C2 /* Main.storyboard */; };
		9DFCB43D1B028E92000835C2 /* Images.xcassets in Resources */ = {isa = PBXBuildFile; fileRef = 9DFCB43C1B028E92000835C2 /* Images.xcassets */; };
		9DFCB4401B028E92000835C2 /* LaunchScreen.xib in Resources */ = {isa = PBXBuildFile; fileRef = 9DFCB43E1B028E92000835C2 /* LaunchScreen.xib */; };
		9DFCB44C1B028E92000835C2 /* MemeMeTests.swift in Sources */ = {isa = PBXBuildFile; fileRef = 9DFCB44B1B028E92000835C2 /* MemeMeTests.swift */; };
		9DFCB4561B029279000835C2 /* Meme.swift in Sources */ = {isa = PBXBuildFile; fileRef = 9DFCB4551B029279000835C2 /* Meme.swift */; };
		9DFCB45A1B06776D000835C2 /* MemesViewTableController.swift in Sources */ = {isa = PBXBuildFile; fileRef = 9DFCB4591B06776D000835C2 /* MemesViewTableController.swift */; };
		9DFCB45C1B06ABCF000835C2 /* MemesViewCollectionController.swift in Sources */ = {isa = PBXBuildFile; fileRef = 9DFCB45B1B06ABCF000835C2 /* MemesViewCollectionController.swift */; };
/* End PBXBuildFile section */

/* Begin PBXContainerItemProxy section */
		9DFCB4461B028E92000835C2 /* PBXContainerItemProxy */ = {
			isa = PBXContainerItemProxy;
			containerPortal = 9DFCB4281B028E92000835C2 /* Project object */;
			proxyType = 1;
			remoteGlobalIDString = 9DFCB42F1B028E92000835C2;
			remoteInfo = MemeMe;
		};
/* End PBXContainerItemProxy section */

/* Begin PBXFileReference section */
		9DC063731B0916CE0011E377 /* MemeDetailViewController.swift */ = {isa = PBXFileReference; fileEncoding = 4; lastKnownFileType = sourcecode.swift; path = MemeDetailViewController.swift; sourceTree = "<group>"; };
		9DC063751B092BA90011E377 /* MemeCollectionViewCell.swift */ = {isa = PBXFileReference; fileEncoding = 4; lastKnownFileType = sourcecode.swift; path = MemeCollectionViewCell.swift; sourceTree = "<group>"; };
		9DFCB4301B028E92000835C2 /* MemeMe.app */ = {isa = PBXFileReference; explicitFileType = wrapper.application; includeInIndex = 0; path = MemeMe.app; sourceTree = BUILT_PRODUCTS_DIR; };
		9DFCB4341B028E92000835C2 /* Info.plist */ = {isa = PBXFileReference; lastKnownFileType = text.plist.xml; path = Info.plist; sourceTree = "<group>"; };
		9DFCB4351B028E92000835C2 /* AppDelegate.swift */ = {isa = PBXFileReference; lastKnownFileType = sourcecode.swift; path = AppDelegate.swift; sourceTree = "<group>"; };
		9DFCB4371B028E92000835C2 /* EditorViewController.swift */ = {isa = PBXFileReference; lastKnownFileType = sourcecode.swift; path = EditorViewController.swift; sourceTree = "<group>"; };
		9DFCB43A1B028E92000835C2 /* Base */ = {isa = PBXFileReference; lastKnownFileType = file.storyboard; name = Base; path = Base.lproj/Main.storyboard; sourceTree = "<group>"; };
		9DFCB43C1B028E92000835C2 /* Images.xcassets */ = {isa = PBXFileReference; lastKnownFileType = folder.assetcatalog; path = Images.xcassets; sourceTree = "<group>"; };
		9DFCB43F1B028E92000835C2 /* Base */ = {isa = PBXFileReference; lastKnownFileType = file.xib; name = Base; path = Base.lproj/LaunchScreen.xib; sourceTree = "<group>"; };
		9DFCB4451B028E92000835C2 /* MemeMeTests.xctest */ = {isa = PBXFileReference; explicitFileType = wrapper.cfbundle; includeInIndex = 0; path = MemeMeTests.xctest; sourceTree = BUILT_PRODUCTS_DIR; };
		9DFCB44A1B028E92000835C2 /* Info.plist */ = {isa = PBXFileReference; lastKnownFileType = text.plist.xml; path = Info.plist; sourceTree = "<group>"; };
		9DFCB44B1B028E92000835C2 /* MemeMeTests.swift */ = {isa = PBXFileReference; lastKnownFileType = sourcecode.swift; path = MemeMeTests.swift; sourceTree = "<group>"; };
		9DFCB4551B029279000835C2 /* Meme.swift */ = {isa = PBXFileReference; fileEncoding = 4; lastKnownFileType = sourcecode.swift; path = Meme.swift; sourceTree = "<group>"; };
		9DFCB4591B06776D000835C2 /* MemesViewTableController.swift */ = {isa = PBXFileReference; fileEncoding = 4; lastKnownFileType = sourcecode.swift; path = MemesViewTableController.swift; sourceTree = "<group>"; };
		9DFCB45B1B06ABCF000835C2 /* MemesViewCollectionController.swift */ = {isa = PBXFileReference; fileEncoding = 4; lastKnownFileType = sourcecode.swift; path = MemesViewCollectionController.swift; sourceTree = "<group>"; };
/* End PBXFileReference section */

/* Begin PBXFrameworksBuildPhase section */
		9DFCB42D1B028E92000835C2 /* Frameworks */ = {
			isa = PBXFrameworksBuildPhase;
			buildActionMask = 2147483647;
			files = (
			);
			runOnlyForDeploymentPostprocessing = 0;
		};
		9DFCB4421B028E92000835C2 /* Frameworks */ = {
			isa = PBXFrameworksBuildPhase;
			buildActionMask = 2147483647;
			files = (
			);
			runOnlyForDeploymentPostprocessing = 0;
		};
/* End PBXFrameworksBuildPhase section */

/* Begin PBXGroup section */
		9DFCB4271B028E92000835C2 = {
			isa = PBXGroup;
			children = (
				9DFCB4321B028E92000835C2 /* MemeMe */,
				9DFCB4481B028E92000835C2 /* MemeMeTests */,
				9DFCB4311B028E92000835C2 /* Products */,
			);
			sourceTree = "<group>";
		};
		9DFCB4311B028E92000835C2 /* Products */ = {
			isa = PBXGroup;
			children = (
				9DFCB4301B028E92000835C2 /* MemeMe.app */,
				9DFCB4451B028E92000835C2 /* MemeMeTests.xctest */,
			);
			name = Products;
			sourceTree = "<group>";
		};
		9DFCB4321B028E92000835C2 /* MemeMe */ = {
			isa = PBXGroup;
			children = (
				9DC063731B0916CE0011E377 /* MemeDetailViewController.swift */,
				9DFCB4591B06776D000835C2 /* MemesViewTableController.swift */,
				9DFCB45B1B06ABCF000835C2 /* MemesViewCollectionController.swift */,
				9DFCB4351B028E92000835C2 /* AppDelegate.swift */,
				9DFCB4371B028E92000835C2 /* EditorViewController.swift */,
				9DFCB4391B028E92000835C2 /* Main.storyboard */,
				9DC063751B092BA90011E377 /* MemeCollectionViewCell.swift */,
				9DFCB4551B029279000835C2 /* Meme.swift */,
				9DFCB43C1B028E92000835C2 /* Images.xcassets */,
				9DFCB4331B028E92000835C2 /* Supporting Files */,
				9DFCB43E1B028E92000835C2 /* LaunchScreen.xib */,
			);
			path = MemeMe;
			sourceTree = "<group>";
		};
		9DFCB4331B028E92000835C2 /* Supporting Files */ = {
			isa = PBXGroup;
			children = (
				9DFCB4341B028E92000835C2 /* Info.plist */,
			);
			name = "Supporting Files";
			sourceTree = "<group>";
		};
		9DFCB4481B028E92000835C2 /* MemeMeTests */ = {
			isa = PBXGroup;
			children = (
				9DFCB44B1B028E92000835C2 /* MemeMeTests.swift */,
				9DFCB4491B028E92000835C2 /* Supporting Files */,
			);
			path = MemeMeTests;
			sourceTree = "<group>";
		};
		9DFCB4491B028E92000835C2 /* Supporting Files */ = {
			isa = PBXGroup;
			children = (
				9DFCB44A1B028E92000835C2 /* Info.plist */,
			);
			name = "Supporting Files";
			sourceTree = "<group>";
		};
/* End PBXGroup section */

/* Begin PBXNativeTarget section */
		9DFCB42F1B028E92000835C2 /* MemeMe */ = {
			isa = PBXNativeTarget;
			buildConfigurationList = 9DFCB44F1B028E92000835C2 /* Build configuration list for PBXNativeTarget "MemeMe" */;
			buildPhases = (
				9DFCB42C1B028E92000835C2 /* Sources */,
				9DFCB42D1B028E92000835C2 /* Frameworks */,
				9DFCB42E1B028E92000835C2 /* Resources */,
			);
			buildRules = (
			);
			dependencies = (
			);
			name = MemeMe;
			productName = MemeMe;
			productReference = 9DFCB4301B028E92000835C2 /* MemeMe.app */;
			productType = "com.apple.product-type.application";
		};
		9DFCB4441B028E92000835C2 /* MemeMeTests */ = {
			isa = PBXNativeTarget;
			buildConfigurationList = 9DFCB4521B028E92000835C2 /* Build configuration list for PBXNativeTarget "MemeMeTests" */;
			buildPhases = (
				9DFCB4411B028E92000835C2 /* Sources */,
				9DFCB4421B028E92000835C2 /* Frameworks */,
				9DFCB4431B028E92000835C2 /* Resources */,
			);
			buildRules = (
			);
			dependencies = (
				9DFCB4471B028E92000835C2 /* PBXTargetDependency */,
			);
			name = MemeMeTests;
			productName = MemeMeTests;
			productReference = 9DFCB4451B028E92000835C2 /* MemeMeTests.xctest */;
			productType = "com.apple.product-type.bundle.unit-test";
		};
/* End PBXNativeTarget section */

/* Begin PBXProject section */
		9DFCB4281B028E92000835C2 /* Project object */ = {
			isa = PBXProject;
			attributes = {
				LastUpgradeCheck = 0630;
				ORGANIZATIONNAME = "Christopher Burgess";
				TargetAttributes = {
					9DFCB42F1B028E92000835C2 = {
						CreatedOnToolsVersion = 6.3.1;
					};
					9DFCB4441B028E92000835C2 = {
						CreatedOnToolsVersion = 6.3.1;
						TestTargetID = 9DFCB42F1B028E92000835C2;
					};
				};
			};
			buildConfigurationList = 9DFCB42B1B028E92000835C2 /* Build configuration list for PBXProject "MemeMe" */;
			compatibilityVersion = "Xcode 3.2";
			developmentRegion = English;
			hasScannedForEncodings = 0;
			knownRegions = (
				en,
				Base,
			);
			mainGroup = 9DFCB4271B028E92000835C2;
			productRefGroup = 9DFCB4311B028E92000835C2 /* Products */;
			projectDirPath = "";
			projectRoot = "";
			targets = (
				9DFCB42F1B028E92000835C2 /* MemeMe */,
				9DFCB4441B028E92000835C2 /* MemeMeTests */,
			);
		};
/* End PBXProject section */

/* Begin PBXResourcesBuildPhase section */
		9DFCB42E1B028E92000835C2 /* Resources */ = {
			isa = PBXResourcesBuildPhase;
			buildActionMask = 2147483647;
			files = (
				9DFCB43B1B028E92000835C2 /* Main.storyboard in Resources */,
				9DFCB4401B028E92000835C2 /* LaunchScreen.xib in Resources */,
				9DFCB43D1B028E92000835C2 /* Images.xcassets in Resources */,
			);
			runOnlyForDeploymentPostprocessing = 0;
		};
		9DFCB4431B028E92000835C2 /* Resources */ = {
			isa = PBXResourcesBuildPhase;
			buildActionMask = 2147483647;
			files = (
			);
			runOnlyForDeploymentPostprocessing = 0;
		};
/* End PBXResourcesBuildPhase section */

/* Begin PBXSourcesBuildPhase section */
		9DFCB42C1B028E92000835C2 /* Sources */ = {
			isa = PBXSourcesBuildPhase;
			buildActionMask = 2147483647;
			files = (
				9DFCB45C1B06ABCF000835C2 /* MemesViewCollectionController.swift in Sources */,
				9DFCB4561B029279000835C2 /* Meme.swift in Sources */,
				9DFCB4381B028E92000835C2 /* EditorViewController.swift in Sources */,
				9DC063741B0916CE0011E377 /* MemeDetailViewController.swift in Sources */,
				9DC063761B092BA90011E377 /* MemeCollectionViewCell.swift in Sources */,
				9DFCB4361B028E92000835C2 /* AppDelegate.swift in Sources */,
				9DFCB45A1B06776D000835C2 /* MemesViewTableController.swift in Sources */,
			);
			runOnlyForDeploymentPostprocessing = 0;
		};
		9DFCB4411B028E92000835C2 /* Sources */ = {
			isa = PBXSourcesBuildPhase;
			buildActionMask = 2147483647;
			files = (
				9DFCB44C1B028E92000835C2 /* MemeMeTests.swift in Sources */,
			);
			runOnlyForDeploymentPostprocessing = 0;
		};
/* End PBXSourcesBuildPhase section */

/* Begin PBXTargetDependency section */
		9DFCB4471B028E92000835C2 /* PBXTargetDependency */ = {
			isa = PBXTargetDependency;
			target = 9DFCB42F1B028E92000835C2 /* MemeMe */;
			targetProxy = 9DFCB4461B028E92000835C2 /* PBXContainerItemProxy */;
		};
/* End PBXTargetDependency section */

/* Begin PBXVariantGroup section */
		9DFCB4391B028E92000835C2 /* Main.storyboard */ = {
			isa = PBXVariantGroup;
			children = (
				9DFCB43A1B028E92000835C2 /* Base */,
			);
			name = Main.storyboard;
			sourceTree = "<group>";
		};
		9DFCB43E1B028E92000835C2 /* LaunchScreen.xib */ = {
			isa = PBXVariantGroup;
			children = (
				9DFCB43F1B028E92000835C2 /* Base */,
			);
			name = LaunchScreen.xib;
			sourceTree = "<group>";
		};
/* End PBXVariantGroup section */

/* Begin XCBuildConfiguration section */
		9DFCB44D1B028E92000835C2 /* Debug */ = {
			isa = XCBuildConfiguration;
			buildSettings = {
				ALWAYS_SEARCH_USER_PATHS = NO;
				CLANG_CXX_LANGUAGE_STANDARD = "gnu++0x";
				CLANG_CXX_LIBRARY = "libc++";
				CLANG_ENABLE_MODULES = YES;
				CLANG_ENABLE_OBJC_ARC = YES;
				CLANG_WARN_BOOL_CONVERSION = YES;
				CLANG_WARN_CONSTANT_CONVERSION = YES;
				CLANG_WARN_DIRECT_OBJC_ISA_USAGE = YES_ERROR;
				CLANG_WARN_EMPTY_BODY = YES;
				CLANG_WARN_ENUM_CONVERSION = YES;
				CLANG_WARN_INT_CONVERSION = YES;
				CLANG_WARN_OBJC_ROOT_CLASS = YES_ERROR;
				CLANG_WARN_UNREACHABLE_CODE = YES;
				CLANG_WARN__DUPLICATE_METHOD_MATCH = YES;
				"CODE_SIGN_IDENTITY[sdk=iphoneos*]" = "iPhone Developer";
				COPY_PHASE_STRIP = NO;
				DEBUG_INFORMATION_FORMAT = "dwarf-with-dsym";
				ENABLE_STRICT_OBJC_MSGSEND = YES;
				GCC_C_LANGUAGE_STANDARD = gnu99;
				GCC_DYNAMIC_NO_PIC = NO;
				GCC_NO_COMMON_BLOCKS = YES;
				GCC_OPTIMIZATION_LEVEL = 0;
				GCC_PREPROCESSOR_DEFINITIONS = (
					"DEBUG=1",
					"$(inherited)",
				);
				GCC_SYMBOLS_PRIVATE_EXTERN = NO;
				GCC_WARN_64_TO_32_BIT_CONVERSION = YES;
				GCC_WARN_ABOUT_RETURN_TYPE = YES_ERROR;
				GCC_WARN_UNDECLARED_SELECTOR = YES;
				GCC_WARN_UNINITIALIZED_AUTOS = YES_AGGRESSIVE;
				GCC_WARN_UNUSED_FUNCTION = YES;
				GCC_WARN_UNUSED_VARIABLE = YES;
				IPHONEOS_DEPLOYMENT_TARGET = 8.3;
				MTL_ENABLE_DEBUG_INFO = YES;
				ONLY_ACTIVE_ARCH = YES;
				SDKROOT = iphoneos;
				SWIFT_OPTIMIZATION_LEVEL = "-Onone";
			};
			name = Debug;
		};
		9DFCB44E1B028E92000835C2 /* Release */ = {
			isa = XCBuildConfiguration;
			buildSettings = {
				ALWAYS_SEARCH_USER_PATHS = NO;
				CLANG_CXX_LANGUAGE_STANDARD = "gnu++0x";
				CLANG_CXX_LIBRARY = "libc++";
				CLANG_ENABLE_MODULES = YES;
				CLANG_ENABLE_OBJC_ARC = YES;
				CLANG_WARN_BOOL_CONVERSION = YES;
				CLANG_WARN_CONSTANT_CONVERSION = YES;
				CLANG_WARN_DIRECT_OBJC_ISA_USAGE = YES_ERROR;
				CLANG_WARN_EMPTY_BODY = YES;
				CLANG_WARN_ENUM_CONVERSION = YES;
				CLANG_WARN_INT_CONVERSION = YES;
				CLANG_WARN_OBJC_ROOT_CLASS = YES_ERROR;
				CLANG_WARN_UNREACHABLE_CODE = YES;
				CLANG_WARN__DUPLICATE_METHOD_MATCH = YES;
				"CODE_SIGN_IDENTITY[sdk=iphoneos*]" = "iPhone Developer";
				COPY_PHASE_STRIP = NO;
				DEBUG_INFORMATION_FORMAT = "dwarf-with-dsym";
				ENABLE_NS_ASSERTIONS = NO;
				ENABLE_STRICT_OBJC_MSGSEND = YES;
				GCC_C_LANGUAGE_STANDARD = gnu99;
				GCC_NO_COMMON_BLOCKS = YES;
				GCC_WARN_64_TO_32_BIT_CONVERSION = YES;
				GCC_WARN_ABOUT_RETURN_TYPE = YES_ERROR;
				GCC_WARN_UNDECLARED_SELECTOR = YES;
				GCC_WARN_UNINITIALIZED_AUTOS = YES_AGGRESSIVE;
				GCC_WARN_UNUSED_FUNCTION = YES;
				GCC_WARN_UNUSED_VARIABLE = YES;
				IPHONEOS_DEPLOYMENT_TARGET = 8.3;
				MTL_ENABLE_DEBUG_INFO = NO;
				SDKROOT = iphoneos;
				VALIDATE_PRODUCT = YES;
			};
			name = Release;
		};
		9DFCB4501B028E92000835C2 /* Debug */ = {
			isa = XCBuildConfiguration;
			buildSettings = {
				ASSETCATALOG_COMPILER_APPICON_NAME = AppIcon;
				INFOPLIST_FILE = MemeMe/Info.plist;
				LD_RUNPATH_SEARCH_PATHS = "$(inherited) @executable_path/Frameworks";
				PRODUCT_NAME = "$(TARGET_NAME)";
			};
			name = Debug;
		};
		9DFCB4511B028E92000835C2 /* Release */ = {
			isa = XCBuildConfiguration;
			buildSettings = {
				ASSETCATALOG_COMPILER_APPICON_NAME = AppIcon;
				INFOPLIST_FILE = MemeMe/Info.plist;
				LD_RUNPATH_SEARCH_PATHS = "$(inherited) @executable_path/Frameworks";
				PRODUCT_NAME = "$(TARGET_NAME)";
			};
			name = Release;
		};
		9DFCB4531B028E92000835C2 /* Debug */ = {
			isa = XCBuildConfiguration;
			buildSettings = {
				BUNDLE_LOADER = "$(TEST_HOST)";
				FRAMEWORK_SEARCH_PATHS = (
					"$(SDKROOT)/Developer/Library/Frameworks",
					"$(inherited)",
				);
				GCC_PREPROCESSOR_DEFINITIONS = (
					"DEBUG=1",
					"$(inherited)",
				);
				INFOPLIST_FILE = MemeMeTests/Info.plist;
				LD_RUNPATH_SEARCH_PATHS = "$(inherited) @executable_path/Frameworks @loader_path/Frameworks";
				PRODUCT_NAME = "$(TARGET_NAME)";
				TEST_HOST = "$(BUILT_PRODUCTS_DIR)/MemeMe.app/MemeMe";
			};
			name = Debug;
		};
		9DFCB4541B028E92000835C2 /* Release */ = {
			isa = XCBuildConfiguration;
			buildSettings = {
				BUNDLE_LOADER = "$(TEST_HOST)";
				FRAMEWORK_SEARCH_PATHS = (
					"$(SDKROOT)/Developer/Library/Frameworks",
					"$(inherited)",
				);
				INFOPLIST_FILE = MemeMeTests/Info.plist;
				LD_RUNPATH_SEARCH_PATHS = "$(inherited) @executable_path/Frameworks @loader_path/Frameworks";
				PRODUCT_NAME = "$(TARGET_NAME)";
				TEST_HOST = "$(BUILT_PRODUCTS_DIR)/MemeMe.app/MemeMe";
			};
			name = Release;
		};
/* End XCBuildConfiguration section */

/* Begin XCConfigurationList section */
		9DFCB42B1B028E92000835C2 /* Build configuration list for PBXProject "MemeMe" */ = {
			isa = XCConfigurationList;
			buildConfigurations = (
				9DFCB44D1B028E92000835C2 /* Debug */,
				9DFCB44E1B028E92000835C2 /* Release */,
			);
			defaultConfigurationIsVisible = 0;
			defaultConfigurationName = Release;
		};
		9DFCB44F1B028E92000835C2 /* Build configuration list for PBXNativeTarget "MemeMe" */ = {
			isa = XCConfigurationList;
			buildConfigurations = (
				9DFCB4501B028E92000835C2 /* Debug */,
				9DFCB4511B028E92000835C2 /* Release */,
			);
			defaultConfigurationIsVisible = 0;
			defaultConfigurationName = Release;
		};
		9DFCB4521B028E92000835C2 /* Build configuration list for PBXNativeTarget "MemeMeTests" */ = {
			isa = XCConfigurationList;
			buildConfigurations = (
				9DFCB4531B028E92000835C2 /* Debug */,
				9DFCB4541B028E92000835C2 /* Release */,
			);
			defaultConfigurationIsVisible = 0;
			defaultConfigurationName = Release;
		};
/* End XCConfigurationList section */
	};
	rootObject = 9DFCB4281B028E92000835C2 /* Project object */;
}
